PODS:
  - ReactiveCocoa (4.2.2):
    - Result (~> 2.0)
  - Result (2.1.3)

DEPENDENCIES:
  - ReactiveCocoa

SPEC CHECKSUMS:
  ReactiveCocoa: 72263e7ac0770c274617ccd345e01049d0ca38ae
  Result: 18e1a7597fbcca5923c565b40a25a98afafdee02

PODFILE CHECKSUM: 9fa9522e8e5f4d91f5885a8711cca72535ab6c67

COCOAPODS: 1.2.0.beta.1
